
Microsoft Visual Studio Solution File, Format Version 12.00
# Visual Studio 2012
Project("{FAE04EC0-301F-11D3-BF4B-00C04F79EFBC}") = "TechnoSteel", "TechnoSteel\TechnoSteel.csproj", "{BCA7CD3F-3C23-4EDB-BDD0-6CCE17619914}"
EndProject
Global
	GlobalSection(SolutionConfigurationPlatforms) = preSolution
		Debug|Any CPU = Debug|Any CPU
		Release|Any CPU = Release|Any CPU
	EndGlobalSection
	GlobalSection(ProjectConfigurationPlatforms) = postSolution
		{BCA7CD3F-3C23-4EDB-BDD0-6CCE17619914}.Debug|Any CPU.ActiveCfg = Debug|Any CPU
		{BCA7CD3F-3C23-4EDB-BDD0-6CCE17619914}.Debug|Any CPU.Build.0 = Debug|Any CPU
		{BCA7CD3F-3C23-4EDB-BDD0-6CCE17619914}.Release|Any CPU.ActiveCfg = Release|Any CPU
		{BCA7CD3F-3C23-4EDB-BDD0-6CCE17619914}.Release|Any CPU.Build.0 = Release|Any CPU
	EndGlobalSection
	GlobalSection(SolutionProperties) = preSolution
		HideSolutionNode = FALSE
	EndGlobalSection
EndGlobal
